
Microsoft Visual Studio Solution File, Format Version 12.00
# Visual Studio Version 17
VisualStudioVersion = 17.11.35327.3
MinimumVisualStudioVersion = 10.0.40219.1
Project("{2150E333-8FDC-42A3-9474-1A3956D46DE8}") = "hostings", "hostings", "{90D375B6-ACBF-4391-A48F-F86F9A309A30}"
EndProject
Project("{2150E333-8FDC-42A3-9474-1A3956D46DE8}") = "libraries", "libraries", "{E724F67A-6E19-4F12-B5A8-8475435BA182}"
EndProject
Project("{9A19103F-16F7-4668-BE54-9A1E7A4F7556}") = "TopKnow.Management.Api", "hostings\TopKnow.Management.Api\TopKnow.Management.Api.csproj", "{3183F171-4273-4319-90BD-88D0BEA4000C}"
EndProject
Project("{9A19103F-16F7-4668-BE54-9A1E7A4F7556}") = "TopKnow.PlayGround.Api", "hostings\TopKnow.PlayGround.Api\TopKnow.PlayGround.Api.csproj", "{C89DEB72-D15B-4D27-B1EA-BAD1F05A0158}"
EndProject
Project("{9A19103F-16F7-4668-BE54-9A1E7A4F7556}") = "TopKnow.Data", "libraries\data\TopKnow.Data\TopKnow.Data.csproj", "{77C8D25F-8AAB-4BA4-B11A-3035A6244452}"
EndProject
Project("{2150E333-8FDC-42A3-9474-1A3956D46DE8}") = "data", "data", "{20382241-414F-4E5B-B176-5804D85DE962}"
EndProject
Project("{9A19103F-16F7-4668-BE54-9A1E7A4F7556}") = "TopKnow.Entities", "libraries\data\TopKnow.Entities\TopKnow.Entities.csproj", "{8060B43D-D96C-4A20-82B1-B6A92A918460}"
EndProject
Project("{2150E333-8FDC-42A3-9474-1A3956D46DE8}") = "modules", "modules", "{E5A4D3AC-FF18-4A4B-98F3-E3346623C556}"
EndProject
Project("{9A19103F-16F7-4668-BE54-9A1E7A4F7556}") = "TopKnow.Common", "libraries\TopKnow.Common\TopKnow.Common.csproj", "{08687B83-2819-4167-83E1-5BD33F948DDC}"
EndProject
Project("{FAE04EC0-301F-11D3-BF4B-00C04F79EFBC}") = "TopKnow.Management.Client", "hostings\TopKnow.Management.Client\TopKnow.Management.Client.csproj", "{289683F1-1AA2-45B3-B0D5-A9FF178DDFEE}"
EndProject
Project("{FAE04EC0-301F-11D3-BF4B-00C04F79EFBC}") = "TopKnow.External.Api", "hostings\TopKnow.External.Api\TopKnow.External.Api.csproj", "{DCFFC280-A549-481F-90CF-A11B1663F3F8}"
EndProject
Project("{2150E333-8FDC-42A3-9474-1A3956D46DE8}") = "management", "management", "{D1FD2A65-F167-4A27-A74C-724C3546AAC3}"
EndProject
Project("{2150E333-8FDC-42A3-9474-1A3956D46DE8}") = "playground", "playground", "{FE4F757D-84C4-4A3A-926D-74918499A207}"
EndProject
Project("{2150E333-8FDC-42A3-9474-1A3956D46DE8}") = "external", "external", "{5E02AA9A-0777-441C-8FC8-C41E4E22A6F1}"
EndProject
Project("{FAE04EC0-301F-11D3-BF4B-00C04F79EFBC}") = "TopKnow.Modules.Management", "libraries\modules\management\TopKnow.Modules.Management\TopKnow.Modules.Management.csproj", "{42CC5C8F-4507-4699-8E59-9D16A5D2223B}"
EndProject
Project("{2150E333-8FDC-42A3-9474-1A3956D46DE8}") = "commands", "commands", "{9177B8AC-3898-4327-B936-A9EC017D6E6B}"
EndProject
Project("{2150E333-8FDC-42A3-9474-1A3956D46DE8}") = "queries", "queries", "{BAC506A3-6D22-4141-9FB3-6E4037984938}"
EndProject
Project("{FAE04EC0-301F-11D3-BF4B-00C04F79EFBC}") = "TopKnow.Modules.Management.Commands", "libraries\modules\management\commands\TopKnow.Modules.Management.Commands\TopKnow.Modules.Management.Commands.csproj", "{0B2D03B2-EC26-479A-9AD8-56B04DACB1BC}"
EndProject
Project("{FAE04EC0-301F-11D3-BF4B-00C04F79EFBC}") = "TopKnow.Modules.Management.Queries", "libraries\modules\management\queries\TopKnow.Modules.Management.Queries\TopKnow.Modules.Management.Queries.csproj", "{F55BBA65-096D-4051-ADB9-B822397DEB77}"
EndProject
Project("{FAE04EC0-301F-11D3-BF4B-00C04F79EFBC}") = "TopKnow.Modules.Common", "libraries\modules\TopKnow.Modules.Common\TopKnow.Modules.Common.csproj", "{DFB6918F-6F67-4EAB-ACFE-2C6F20BB69B2}"
EndProject
Project("{2150E333-8FDC-42A3-9474-1A3956D46DE8}") = "commands", "commands", "{D71B9287-9C03-46AC-96EC-09D1CEF9247B}"
EndProject
Project("{2150E333-8FDC-42A3-9474-1A3956D46DE8}") = "queries", "queries", "{533554FB-54C7-4B03-989D-FB7E50A08F28}"
EndProject
Project("{FAE04EC0-301F-11D3-BF4B-00C04F79EFBC}") = "TopKnow.Modules.External", "libraries\modules\external\TopKnow.Modules.External\TopKnow.Modules.External.csproj", "{9CDBD4F1-A019-4E94-858E-3728C10A40AB}"
EndProject
Project("{FAE04EC0-301F-11D3-BF4B-00C04F79EFBC}") = "TopKnow.Modules.External.Commands", "libraries\modules\external\commands\TopKnow.Modules.External.Commands\TopKnow.Modules.External.Commands.csproj", "{7CDEBDAA-8BF4-40D9-AB6A-867457E5FF85}"
EndProject
Project("{FAE04EC0-301F-11D3-BF4B-00C04F79EFBC}") = "TopKnow.Modules.External.Queries", "libraries\modules\external\queries\TopKnow.Modules.External.Queries\TopKnow.Modules.External.Queries.csproj", "{51216757-B133-4F56-8125-831E6BFBC339}"
EndProject
Global
	GlobalSection(SolutionConfigurationPlatforms) = preSolution
		Debug|Any CPU = Debug|Any CPU
		Release|Any CPU = Release|Any CPU
	EndGlobalSection
	GlobalSection(ProjectConfigurationPlatforms) = postSolution
		{3183F171-4273-4319-90BD-88D0BEA4000C}.Debug|Any CPU.ActiveCfg = Debug|Any CPU
		{3183F171-4273-4319-90BD-88D0BEA4000C}.Debug|Any CPU.Build.0 = Debug|Any CPU
		{3183F171-4273-4319-90BD-88D0BEA4000C}.Release|Any CPU.ActiveCfg = Release|Any CPU
		{3183F171-4273-4319-90BD-88D0BEA4000C}.Release|Any CPU.Build.0 = Release|Any CPU
		{C89DEB72-D15B-4D27-B1EA-BAD1F05A0158}.Debug|Any CPU.ActiveCfg = Debug|Any CPU
		{C89DEB72-D15B-4D27-B1EA-BAD1F05A0158}.Debug|Any CPU.Build.0 = Debug|Any CPU
		{C89DEB72-D15B-4D27-B1EA-BAD1F05A0158}.Release|Any CPU.ActiveCfg = Release|Any CPU
		{C89DEB72-D15B-4D27-B1EA-BAD1F05A0158}.Release|Any CPU.Build.0 = Release|Any CPU
		{77C8D25F-8AAB-4BA4-B11A-3035A6244452}.Debug|Any CPU.ActiveCfg = Debug|Any CPU
		{77C8D25F-8AAB-4BA4-B11A-3035A6244452}.Debug|Any CPU.Build.0 = Debug|Any CPU
		{77C8D25F-8AAB-4BA4-B11A-3035A6244452}.Release|Any CPU.ActiveCfg = Release|Any CPU
		{77C8D25F-8AAB-4BA4-B11A-3035A6244452}.Release|Any CPU.Build.0 = Release|Any CPU
		{8060B43D-D96C-4A20-82B1-B6A92A918460}.Debug|Any CPU.ActiveCfg = Debug|Any CPU
		{8060B43D-D96C-4A20-82B1-B6A92A918460}.Debug|Any CPU.Build.0 = Debug|Any CPU
		{8060B43D-D96C-4A20-82B1-B6A92A918460}.Release|Any CPU.ActiveCfg = Release|Any CPU
		{8060B43D-D96C-4A20-82B1-B6A92A918460}.Release|Any CPU.Build.0 = Release|Any CPU
		{08687B83-2819-4167-83E1-5BD33F948DDC}.Debug|Any CPU.ActiveCfg = Debug|Any CPU
		{08687B83-2819-4167-83E1-5BD33F948DDC}.Debug|Any CPU.Build.0 = Debug|Any CPU
		{08687B83-2819-4167-83E1-5BD33F948DDC}.Release|Any CPU.ActiveCfg = Release|Any CPU
		{08687B83-2819-4167-83E1-5BD33F948DDC}.Release|Any CPU.Build.0 = Release|Any CPU
		{289683F1-1AA2-45B3-B0D5-A9FF178DDFEE}.Debug|Any CPU.ActiveCfg = Debug|Any CPU
		{289683F1-1AA2-45B3-B0D5-A9FF178DDFEE}.Debug|Any CPU.Build.0 = Debug|Any CPU
		{289683F1-1AA2-45B3-B0D5-A9FF178DDFEE}.Release|Any CPU.ActiveCfg = Release|Any CPU
		{289683F1-1AA2-45B3-B0D5-A9FF178DDFEE}.Release|Any CPU.Build.0 = Release|Any CPU
		{DCFFC280-A549-481F-90CF-A11B1663F3F8}.Debug|Any CPU.ActiveCfg = Debug|Any CPU
		{DCFFC280-A549-481F-90CF-A11B1663F3F8}.Debug|Any CPU.Build.0 = Debug|Any CPU
		{DCFFC280-A549-481F-90CF-A11B1663F3F8}.Release|Any CPU.ActiveCfg = Release|Any CPU
		{DCFFC280-A549-481F-90CF-A11B1663F3F8}.Release|Any CPU.Build.0 = Release|Any CPU
		{42CC5C8F-4507-4699-8E59-9D16A5D2223B}.Debug|Any CPU.ActiveCfg = Debug|Any CPU
		{42CC5C8F-4507-4699-8E59-9D16A5D2223B}.Debug|Any CPU.Build.0 = Debug|Any CPU
		{42CC5C8F-4507-4699-8E59-9D16A5D2223B}.Release|Any CPU.ActiveCfg = Release|Any CPU
		{42CC5C8F-4507-4699-8E59-9D16A5D2223B}.Release|Any CPU.Build.0 = Release|Any CPU
		{0B2D03B2-EC26-479A-9AD8-56B04DACB1BC}.Debug|Any CPU.ActiveCfg = Debug|Any CPU
		{0B2D03B2-EC26-479A-9AD8-56B04DACB1BC}.Debug|Any CPU.Build.0 = Debug|Any CPU
		{0B2D03B2-EC26-479A-9AD8-56B04DACB1BC}.Release|Any CPU.ActiveCfg = Release|Any CPU
		{0B2D03B2-EC26-479A-9AD8-56B04DACB1BC}.Release|Any CPU.Build.0 = Release|Any CPU
		{F55BBA65-096D-4051-ADB9-B822397DEB77}.Debug|Any CPU.ActiveCfg = Debug|Any CPU
		{F55BBA65-096D-4051-ADB9-B822397DEB77}.Debug|Any CPU.Build.0 = Debug|Any CPU
		{F55BBA65-096D-4051-ADB9-B822397DEB77}.Release|Any CPU.ActiveCfg = Release|Any CPU
		{F55BBA65-096D-4051-ADB9-B822397DEB77}.Release|Any CPU.Build.0 = Release|Any CPU
		{DFB6918F-6F67-4EAB-ACFE-2C6F20BB69B2}.Debug|Any CPU.ActiveCfg = Debug|Any CPU
		{DFB6918F-6F67-4EAB-ACFE-2C6F20BB69B2}.Debug|Any CPU.Build.0 = Debug|Any CPU
		{DFB6918F-6F67-4EAB-ACFE-2C6F20BB69B2}.Release|Any CPU.ActiveCfg = Release|Any CPU
		{DFB6918F-6F67-4EAB-ACFE-2C6F20BB69B2}.Release|Any CPU.Build.0 = Release|Any CPU
		{9CDBD4F1-A019-4E94-858E-3728C10A40AB}.Debug|Any CPU.ActiveCfg = Debug|Any CPU
		{9CDBD4F1-A019-4E94-858E-3728C10A40AB}.Debug|Any CPU.Build.0 = Debug|Any CPU
		{9CDBD4F1-A019-4E94-858E-3728C10A40AB}.Release|Any CPU.ActiveCfg = Release|Any CPU
		{9CDBD4F1-A019-4E94-858E-3728C10A40AB}.Release|Any CPU.Build.0 = Release|Any CPU
		{7CDEBDAA-8BF4-40D9-AB6A-867457E5FF85}.Debug|Any CPU.ActiveCfg = Debug|Any CPU
		{7CDEBDAA-8BF4-40D9-AB6A-867457E5FF85}.Debug|Any CPU.Build.0 = Debug|Any CPU
		{7CDEBDAA-8BF4-40D9-AB6A-867457E5FF85}.Release|Any CPU.ActiveCfg = Release|Any CPU
		{7CDEBDAA-8BF4-40D9-AB6A-867457E5FF85}.Release|Any CPU.Build.0 = Release|Any CPU
		{51216757-B133-4F56-8125-831E6BFBC339}.Debug|Any CPU.ActiveCfg = Debug|Any CPU
		{51216757-B133-4F56-8125-831E6BFBC339}.Debug|Any CPU.Build.0 = Debug|Any CPU
		{51216757-B133-4F56-8125-831E6BFBC339}.Release|Any CPU.ActiveCfg = Release|Any CPU
		{51216757-B133-4F56-8125-831E6BFBC339}.Release|Any CPU.Build.0 = Release|Any CPU
	EndGlobalSection
	GlobalSection(SolutionProperties) = preSolution
		HideSolutionNode = FALSE
	EndGlobalSection
	GlobalSection(NestedProjects) = preSolution
		{3183F171-4273-4319-90BD-88D0BEA4000C} = {90D375B6-ACBF-4391-A48F-F86F9A309A30}
		{C89DEB72-D15B-4D27-B1EA-BAD1F05A0158} = {90D375B6-ACBF-4391-A48F-F86F9A309A30}
		{77C8D25F-8AAB-4BA4-B11A-3035A6244452} = {20382241-414F-4E5B-B176-5804D85DE962}
		{20382241-414F-4E5B-B176-5804D85DE962} = {E724F67A-6E19-4F12-B5A8-8475435BA182}
		{8060B43D-D96C-4A20-82B1-B6A92A918460} = {20382241-414F-4E5B-B176-5804D85DE962}
		{E5A4D3AC-FF18-4A4B-98F3-E3346623C556} = {E724F67A-6E19-4F12-B5A8-8475435BA182}
		{08687B83-2819-4167-83E1-5BD33F948DDC} = {E724F67A-6E19-4F12-B5A8-8475435BA182}
		{289683F1-1AA2-45B3-B0D5-A9FF178DDFEE} = {90D375B6-ACBF-4391-A48F-F86F9A309A30}
		{DCFFC280-A549-481F-90CF-A11B1663F3F8} = {90D375B6-ACBF-4391-A48F-F86F9A309A30}
		{D1FD2A65-F167-4A27-A74C-724C3546AAC3} = {E5A4D3AC-FF18-4A4B-98F3-E3346623C556}
		{FE4F757D-84C4-4A3A-926D-74918499A207} = {E5A4D3AC-FF18-4A4B-98F3-E3346623C556}
		{5E02AA9A-0777-441C-8FC8-C41E4E22A6F1} = {E5A4D3AC-FF18-4A4B-98F3-E3346623C556}
		{42CC5C8F-4507-4699-8E59-9D16A5D2223B} = {D1FD2A65-F167-4A27-A74C-724C3546AAC3}
		{9177B8AC-3898-4327-B936-A9EC017D6E6B} = {D1FD2A65-F167-4A27-A74C-724C3546AAC3}
		{BAC506A3-6D22-4141-9FB3-6E4037984938} = {D1FD2A65-F167-4A27-A74C-724C3546AAC3}
		{0B2D03B2-EC26-479A-9AD8-56B04DACB1BC} = {9177B8AC-3898-4327-B936-A9EC017D6E6B}
		{F55BBA65-096D-4051-ADB9-B822397DEB77} = {BAC506A3-6D22-4141-9FB3-6E4037984938}
		{DFB6918F-6F67-4EAB-ACFE-2C6F20BB69B2} = {E5A4D3AC-FF18-4A4B-98F3-E3346623C556}
		{D71B9287-9C03-46AC-96EC-09D1CEF9247B} = {5E02AA9A-0777-441C-8FC8-C41E4E22A6F1}
		{533554FB-54C7-4B03-989D-FB7E50A08F28} = {5E02AA9A-0777-441C-8FC8-C41E4E22A6F1}
		{9CDBD4F1-A019-4E94-858E-3728C10A40AB} = {5E02AA9A-0777-441C-8FC8-C41E4E22A6F1}
		{7CDEBDAA-8BF4-40D9-AB6A-867457E5FF85} = {D71B9287-9C03-46AC-96EC-09D1CEF9247B}
		{51216757-B133-4F56-8125-831E6BFBC339} = {533554FB-54C7-4B03-989D-FB7E50A08F28}
	EndGlobalSection
	GlobalSection(ExtensibilityGlobals) = postSolution
		SolutionGuid = {2395B4B4-69D3-4268-B890-6087BEBDCB0D}
	EndGlobalSection
EndGlobal
